
Microsoft Visual Studio Solution File, Format Version 12.00
# Visual Studio Version 17
VisualStudioVersion = 17.3.32825.248
MinimumVisualStudioVersion = 10.0.40219.1
Global
	GlobalSection(SolutionProperties) = preSolution
		HideSolutionNode = FALSE
	EndGlobalSection
	GlobalSection(ExtensibilityGlobals) = postSolution
		SolutionGuid = {70531369-E415-49A7-9B3C-8829C6BA4B9F}
	EndGlobalSection
EndGlobal
